{
  "version": 4,
  "terraform_version": "1.12.2",
  "serial": 13,
  "lineage": "7576c51e-dc03-c8ff-aeda-f0c28165d952",
  "outputs": {},
  "resources": [
    {
      "mode": "managed",
      "type": "local_file",
      "name": "my_file",
      "provider": "provider[\"registry.terraform.io/hashicorp/local\"]",
      "instances": [
        {
          "schema_version": 0,
          "attributes": {
            "content": "Hello This file is generated by terraform",
            "content_base64": null,
            "content_base64sha256": "5Scnc8vbMDrL90b0HTcq9QKlskeqqWp4h4we5uA7zJE=",
            "content_base64sha512": "fqUoLKSeTU1E1M6nCaYP/B9v2vbOOPMvophqBdcXrzYmDJWJhCGuXiYR8kf4ePNsX+/ha7FtcB8rGVanA4BWrw==",
            "content_md5": "b5bef907dbdeea6579bfa07585da576c",
            "content_sha1": "64427cc3b837bc489ad6a1f404ea56b82ed5c88a",
            "content_sha256": "e5272773cbdb303acbf746f41d372af502a5b247aaa96a78878c1ee6e03bcc91",
            "content_sha512": "7ea5282ca49e4d4d44d4cea709a60ffc1f6fdaf6ce38f32fa2986a05d717af36260c95898421ae5e2611f247f878f36c5fefe16bb16d701f2b1956a7038056af",
            "directory_permission": "0777",
            "file_permission": "0777",
            "filename": "Testingfile.txt",
            "id": "64427cc3b837bc489ad6a1f404ea56b82ed5c88a",
            "sensitive_content": null,
            "source": null
          },
          "sensitive_attributes": [
            [
              {
                "type": "get_attr",
                "value": "sensitive_content"
              }
            ]
          ],
          "identity_schema_version": 0
        }
      ]
    }
  ],
  "check_results": null
}
